// !$*UTF8*$!
{
	archiveVersion = 1;
	classes = {
	};
	objectVersion = 56;
	objects = {

/* Begin PBXBuildFile section */
		AC03E3152B2E143B00BF363F /* SwiftUIApirestApp.swift in Sources */ = {isa = PBXBuildFile; fileRef = AC03E3142B2E143B00BF363F /* SwiftUIApirestApp.swift */; };
		AC03E3172B2E143B00BF363F /* ContentView.swift in Sources */ = {isa = PBXBuildFile; fileRef = AC03E3162B2E143B00BF363F /* ContentView.swift */; };
		AC03E3192B2E143C00BF363F /* Assets.xcassets in Resources */ = {isa = PBXBuildFile; fileRef = AC03E3182B2E143C00BF363F /* Assets.xcassets */; };
		AC03E31C2B2E143C00BF363F /* Preview Assets.xcassets in Resources */ = {isa = PBXBuildFile; fileRef = AC03E31B2B2E143C00BF363F /* Preview Assets.xcassets */; };
		AC03E3262B2E143C00BF363F /* SwiftUIApirestTests.swift in Sources */ = {isa = PBXBuildFile; fileRef = AC03E3252B2E143C00BF363F /* SwiftUIApirestTests.swift */; };
		AC03E3302B2E143C00BF363F /* SwiftUIApirestUITests.swift in Sources */ = {isa = PBXBuildFile; fileRef = AC03E32F2B2E143C00BF363F /* SwiftUIApirestUITests.swift */; };
		AC03E3322B2E143C00BF363F /* SwiftUIApirestUITestsLaunchTests.swift in Sources */ = {isa = PBXBuildFile; fileRef = AC03E3312B2E143C00BF363F /* SwiftUIApirestUITestsLaunchTests.swift */; };
		AC03E33F2B2E161F00BF363F /* PokemonModel.swift in Sources */ = {isa = PBXBuildFile; fileRef = AC03E33E2B2E161F00BF363F /* PokemonModel.swift */; };
		AC03E3412B2E167700BF363F /* PokemonViewModel.swift in Sources */ = {isa = PBXBuildFile; fileRef = AC03E3402B2E167700BF363F /* PokemonViewModel.swift */; };
/* End PBXBuildFile section */

/* Begin PBXContainerItemProxy section */
		AC03E3222B2E143C00BF363F /* PBXContainerItemProxy */ = {
			isa = PBXContainerItemProxy;
			containerPortal = AC03E3092B2E143B00BF363F /* Project object */;
			proxyType = 1;
			remoteGlobalIDString = AC03E3102B2E143B00BF363F;
			remoteInfo = SwiftUIApirest;
		};
		AC03E32C2B2E143C00BF363F /* PBXContainerItemProxy */ = {
			isa = PBXContainerItemProxy;
			containerPortal = AC03E3092B2E143B00BF363F /* Project object */;
			proxyType = 1;
			remoteGlobalIDString = AC03E3102B2E143B00BF363F;
			remoteInfo = SwiftUIApirest;
		};
/* End PBXContainerItemProxy section */

/* Begin PBXFileReference section */
		AC03E3112B2E143B00BF363F /* SwiftUIApirest.app */ = {isa = PBXFileReference; explicitFileType = wrapper.application; includeInIndex = 0; path = SwiftUIApirest.app; sourceTree = BUILT_PRODUCTS_DIR; };
		AC03E3142B2E143B00BF363F /* SwiftUIApirestApp.swift */ = {isa = PBXFileReference; lastKnownFileType = sourcecode.swift; path = SwiftUIApirestApp.swift; sourceTree = "<group>"; };
		AC03E3162B2E143B00BF363F /* ContentView.swift */ = {isa = PBXFileReference; lastKnownFileType = sourcecode.swift; path = ContentView.swift; sourceTree = "<group>"; };
		AC03E3182B2E143C00BF363F /* Assets.xcassets */ = {isa = PBXFileReference; lastKnownFileType = folder.assetcatalog; path = Assets.xcassets; sourceTree = "<group>"; };
		AC03E31B2B2E143C00BF363F /* Preview Assets.xcassets */ = {isa = PBXFileReference; lastKnownFileType = folder.assetcatalog; path = "Preview Assets.xcassets"; sourceTree = "<group>"; };
		AC03E3212B2E143C00BF363F /* SwiftUIApirestTests.xctest */ = {isa = PBXFileReference; explicitFileType = wrapper.cfbundle; includeInIndex = 0; path = SwiftUIApirestTests.xctest; sourceTree = BUILT_PRODUCTS_DIR; };
		AC03E3252B2E143C00BF363F /* SwiftUIApirestTests.swift */ = {isa = PBXFileReference; lastKnownFileType = sourcecode.swift; path = SwiftUIApirestTests.swift; sourceTree = "<group>"; };
		AC03E32B2B2E143C00BF363F /* SwiftUIApirestUITests.xctest */ = {isa = PBXFileReference; explicitFileType = wrapper.cfbundle; includeInIndex = 0; path = SwiftUIApirestUITests.xctest; sourceTree = BUILT_PRODUCTS_DIR; };
		AC03E32F2B2E143C00BF363F /* SwiftUIApirestUITests.swift */ = {isa = PBXFileReference; lastKnownFileType = sourcecode.swift; path = SwiftUIApirestUITests.swift; sourceTree = "<group>"; };
		AC03E3312B2E143C00BF363F /* SwiftUIApirestUITestsLaunchTests.swift */ = {isa = PBXFileReference; lastKnownFileType = sourcecode.swift; path = SwiftUIApirestUITestsLaunchTests.swift; sourceTree = "<group>"; };
		AC03E33E2B2E161F00BF363F /* PokemonModel.swift */ = {isa = PBXFileReference; lastKnownFileType = sourcecode.swift; path = PokemonModel.swift; sourceTree = "<group>"; };
		AC03E3402B2E167700BF363F /* PokemonViewModel.swift */ = {isa = PBXFileReference; lastKnownFileType = sourcecode.swift; path = PokemonViewModel.swift; sourceTree = "<group>"; };
/* End PBXFileReference section */

/* Begin PBXFrameworksBuildPhase section */
		AC03E30E2B2E143B00BF363F /* Frameworks */ = {
			isa = PBXFrameworksBuildPhase;
			buildActionMask = 2147483647;
			files = (
			);
			runOnlyForDeploymentPostprocessing = 0;
		};
		AC03E31E2B2E143C00BF363F /* Frameworks */ = {
			isa = PBXFrameworksBuildPhase;
			buildActionMask = 2147483647;
			files = (
			);
			runOnlyForDeploymentPostprocessing = 0;
		};
		AC03E3282B2E143C00BF363F /* Frameworks */ = {
			isa = PBXFrameworksBuildPhase;
			buildActionMask = 2147483647;
			files = (
			);
			runOnlyForDeploymentPostprocessing = 0;
		};
/* End PBXFrameworksBuildPhase section */

/* Begin PBXGroup section */
		AC03E3082B2E143B00BF363F = {
			isa = PBXGroup;
			children = (
				AC03E3132B2E143B00BF363F /* SwiftUIApirest */,
				AC03E3242B2E143C00BF363F /* SwiftUIApirestTests */,
				AC03E32E2B2E143C00BF363F /* SwiftUIApirestUITests */,
				AC03E3122B2E143B00BF363F /* Products */,
			);
			sourceTree = "<group>";
		};
		AC03E3122B2E143B00BF363F /* Products */ = {
			isa = PBXGroup;
			children = (
				AC03E3112B2E143B00BF363F /* SwiftUIApirest.app */,
				AC03E3212B2E143C00BF363F /* SwiftUIApirestTests.xctest */,
				AC03E32B2B2E143C00BF363F /* SwiftUIApirestUITests.xctest */,
			);
			name = Products;
			sourceTree = "<group>";
		};
		AC03E3132B2E143B00BF363F /* SwiftUIApirest */ = {
			isa = PBXGroup;
			children = (
				AC03E3422B2E169800BF363F /* Model */,
				AC03E3142B2E143B00BF363F /* SwiftUIApirestApp.swift */,
				AC03E3162B2E143B00BF363F /* ContentView.swift */,
				AC03E3182B2E143C00BF363F /* Assets.xcassets */,
				AC03E31A2B2E143C00BF363F /* Preview Content */,
				AC03E3402B2E167700BF363F /* PokemonViewModel.swift */,
			);
			path = SwiftUIApirest;
			sourceTree = "<group>";
		};
		AC03E31A2B2E143C00BF363F /* Preview Content */ = {
			isa = PBXGroup;
			children = (
				AC03E31B2B2E143C00BF363F /* Preview Assets.xcassets */,
			);
			path = "Preview Content";
			sourceTree = "<group>";
		};
		AC03E3242B2E143C00BF363F /* SwiftUIApirestTests */ = {
			isa = PBXGroup;
			children = (
				AC03E3252B2E143C00BF363F /* SwiftUIApirestTests.swift */,
			);
			path = SwiftUIApirestTests;
			sourceTree = "<group>";
		};
		AC03E32E2B2E143C00BF363F /* SwiftUIApirestUITests */ = {
			isa = PBXGroup;
			children = (
				AC03E32F2B2E143C00BF363F /* SwiftUIApirestUITests.swift */,
				AC03E3312B2E143C00BF363F /* SwiftUIApirestUITestsLaunchTests.swift */,
			);
			path = SwiftUIApirestUITests;
			sourceTree = "<group>";
		};
		AC03E3422B2E169800BF363F /* Model */ = {
			isa = PBXGroup;
			children = (
				AC03E33E2B2E161F00BF363F /* PokemonModel.swift */,
			);
			path = Model;
			sourceTree = "<group>";
		};
/* End PBXGroup section */

/* Begin PBXNativeTarget section */
		AC03E3102B2E143B00BF363F /* SwiftUIApirest */ = {
			isa = PBXNativeTarget;
			buildConfigurationList = AC03E3352B2E143C00BF363F /* Build configuration list for PBXNativeTarget "SwiftUIApirest" */;
			buildPhases = (
				AC03E30D2B2E143B00BF363F /* Sources */,
				AC03E30E2B2E143B00BF363F /* Frameworks */,
				AC03E30F2B2E143B00BF363F /* Resources */,
			);
			buildRules = (
			);
			dependencies = (
			);
			name = SwiftUIApirest;
			productName = SwiftUIApirest;
			productReference = AC03E3112B2E143B00BF363F /* SwiftUIApirest.app */;
			productType = "com.apple.product-type.application";
		};
		AC03E3202B2E143C00BF363F /* SwiftUIApirestTests */ = {
			isa = PBXNativeTarget;
			buildConfigurationList = AC03E3382B2E143C00BF363F /* Build configuration list for PBXNativeTarget "SwiftUIApirestTests" */;
			buildPhases = (
				AC03E31D2B2E143C00BF363F /* Sources */,
				AC03E31E2B2E143C00BF363F /* Frameworks */,
				AC03E31F2B2E143C00BF363F /* Resources */,
			);
			buildRules = (
			);
			dependencies = (
				AC03E3232B2E143C00BF363F /* PBXTargetDependency */,
			);
			name = SwiftUIApirestTests;
			productName = SwiftUIApirestTests;
			productReference = AC03E3212B2E143C00BF363F /* SwiftUIApirestTests.xctest */;
			productType = "com.apple.product-type.bundle.unit-test";
		};
		AC03E32A2B2E143C00BF363F /* SwiftUIApirestUITests */ = {
			isa = PBXNativeTarget;
			buildConfigurationList = AC03E33B2B2E143C00BF363F /* Build configuration list for PBXNativeTarget "SwiftUIApirestUITests" */;
			buildPhases = (
				AC03E3272B2E143C00BF363F /* Sources */,
				AC03E3282B2E143C00BF363F /* Frameworks */,
				AC03E3292B2E143C00BF363F /* Resources */,
			);
			buildRules = (
			);
			dependencies = (
				AC03E32D2B2E143C00BF363F /* PBXTargetDependency */,
			);
			name = SwiftUIApirestUITests;
			productName = SwiftUIApirestUITests;
			productReference = AC03E32B2B2E143C00BF363F /* SwiftUIApirestUITests.xctest */;
			productType = "com.apple.product-type.bundle.ui-testing";
		};
/* End PBXNativeTarget section */

/* Begin PBXProject section */
		AC03E3092B2E143B00BF363F /* Project object */ = {
			isa = PBXProject;
			attributes = {
				BuildIndependentTargetsInParallel = 1;
				LastSwiftUpdateCheck = 1420;
				LastUpgradeCheck = 1420;
				TargetAttributes = {
					AC03E3102B2E143B00BF363F = {
						CreatedOnToolsVersion = 14.2;
					};
					AC03E3202B2E143C00BF363F = {
						CreatedOnToolsVersion = 14.2;
						TestTargetID = AC03E3102B2E143B00BF363F;
					};
					AC03E32A2B2E143C00BF363F = {
						CreatedOnToolsVersion = 14.2;
						TestTargetID = AC03E3102B2E143B00BF363F;
					};
				};
			};
			buildConfigurationList = AC03E30C2B2E143B00BF363F /* Build configuration list for PBXProject "SwiftUIApirest" */;
			compatibilityVersion = "Xcode 14.0";
			developmentRegion = en;
			hasScannedForEncodings = 0;
			knownRegions = (
				en,
				Base,
			);
			mainGroup = AC03E3082B2E143B00BF363F;
			productRefGroup = AC03E3122B2E143B00BF363F /* Products */;
			projectDirPath = "";
			projectRoot = "";
			targets = (
				AC03E3102B2E143B00BF363F /* SwiftUIApirest */,
				AC03E3202B2E143C00BF363F /* SwiftUIApirestTests */,
				AC03E32A2B2E143C00BF363F /* SwiftUIApirestUITests */,
			);
		};
/* End PBXProject section */

/* Begin PBXResourcesBuildPhase section */
		AC03E30F2B2E143B00BF363F /* Resources */ = {
			isa = PBXResourcesBuildPhase;
			buildActionMask = 2147483647;
			files = (
				AC03E31C2B2E143C00BF363F /* Preview Assets.xcassets in Resources */,
				AC03E3192B2E143C00BF363F /* Assets.xcassets in Resources */,
			);
			runOnlyForDeploymentPostprocessing = 0;
		};
		AC03E31F2B2E143C00BF363F /* Resources */ = {
			isa = PBXResourcesBuildPhase;
			buildActionMask = 2147483647;
			files = (
			);
			runOnlyForDeploymentPostprocessing = 0;
		};
		AC03E3292B2E143C00BF363F /* Resources */ = {
			isa = PBXResourcesBuildPhase;
			buildActionMask = 2147483647;
			files = (
			);
			runOnlyForDeploymentPostprocessing = 0;
		};
/* End PBXResourcesBuildPhase section */

/* Begin PBXSourcesBuildPhase section */
		AC03E30D2B2E143B00BF363F /* Sources */ = {
			isa = PBXSourcesBuildPhase;
			buildActionMask = 2147483647;
			files = (
				AC03E3172B2E143B00BF363F /* ContentView.swift in Sources */,
				AC03E33F2B2E161F00BF363F /* PokemonModel.swift in Sources */,
				AC03E3412B2E167700BF363F /* PokemonViewModel.swift in Sources */,
				AC03E3152B2E143B00BF363F /* SwiftUIApirestApp.swift in Sources */,
			);
			runOnlyForDeploymentPostprocessing = 0;
		};
		AC03E31D2B2E143C00BF363F /* Sources */ = {
			isa = PBXSourcesBuildPhase;
			buildActionMask = 2147483647;
			files = (
				AC03E3262B2E143C00BF363F /* SwiftUIApirestTests.swift in Sources */,
			);
			runOnlyForDeploymentPostprocessing = 0;
		};
		AC03E3272B2E143C00BF363F /* Sources */ = {
			isa = PBXSourcesBuildPhase;
			buildActionMask = 2147483647;
			files = (
				AC03E3302B2E143C00BF363F /* SwiftUIApirestUITests.swift in Sources */,
				AC03E3322B2E143C00BF363F /* SwiftUIApirestUITestsLaunchTests.swift in Sources */,
			);
			runOnlyForDeploymentPostprocessing = 0;
		};
/* End PBXSourcesBuildPhase section */

/* Begin PBXTargetDependency section */
		AC03E3232B2E143C00BF363F /* PBXTargetDependency */ = {
			isa = PBXTargetDependency;
			target = AC03E3102B2E143B00BF363F /* SwiftUIApirest */;
			targetProxy = AC03E3222B2E143C00BF363F /* PBXContainerItemProxy */;
		};
		AC03E32D2B2E143C00BF363F /* PBXTargetDependency */ = {
			isa = PBXTargetDependency;
			target = AC03E3102B2E143B00BF363F /* SwiftUIApirest */;
			targetProxy = AC03E32C2B2E143C00BF363F /* PBXContainerItemProxy */;
		};
/* End PBXTargetDependency section */

/* Begin XCBuildConfiguration section */
		AC03E3332B2E143C00BF363F /* Debug */ = {
			isa = XCBuildConfiguration;
			buildSettings = {
				ALWAYS_SEARCH_USER_PATHS = NO;
				CLANG_ANALYZER_NONNULL = YES;
				CLANG_ANALYZER_NUMBER_OBJECT_CONVERSION = YES_AGGRESSIVE;
				CLANG_CXX_LANGUAGE_STANDARD = "gnu++20";
				CLANG_ENABLE_MODULES = YES;
				CLANG_ENABLE_OBJC_ARC = YES;
				CLANG_ENABLE_OBJC_WEAK = YES;
				CLANG_WARN_BLOCK_CAPTURE_AUTORELEASING = YES;
				CLANG_WARN_BOOL_CONVERSION = YES;
				CLANG_WARN_COMMA = YES;
				CLANG_WARN_CONSTANT_CONVERSION = YES;
				CLANG_WARN_DEPRECATED_OBJC_IMPLEMENTATIONS = YES;
				CLANG_WARN_DIRECT_OBJC_ISA_USAGE = YES_ERROR;
				CLANG_WARN_DOCUMENTATION_COMMENTS = YES;
				CLANG_WARN_EMPTY_BODY = YES;
				CLANG_WARN_ENUM_CONVERSION = YES;
				CLANG_WARN_INFINITE_RECURSION = YES;
				CLANG_WARN_INT_CONVERSION = YES;
				CLANG_WARN_NON_LITERAL_NULL_CONVERSION = YES;
				CLANG_WARN_OBJC_IMPLICIT_RETAIN_SELF = YES;
				CLANG_WARN_OBJC_LITERAL_CONVERSION = YES;
				CLANG_WARN_OBJC_ROOT_CLASS = YES_ERROR;
				CLANG_WARN_QUOTED_INCLUDE_IN_FRAMEWORK_HEADER = YES;
				CLANG_WARN_RANGE_LOOP_ANALYSIS = YES;
				CLANG_WARN_STRICT_PROTOTYPES = YES;
				CLANG_WARN_SUSPICIOUS_MOVE = YES;
				CLANG_WARN_UNGUARDED_AVAILABILITY = YES_AGGRESSIVE;
				CLANG_WARN_UNREACHABLE_CODE = YES;
				CLANG_WARN__DUPLICATE_METHOD_MATCH = YES;
				COPY_PHASE_STRIP = NO;
				DEBUG_INFORMATION_FORMAT = dwarf;
				ENABLE_STRICT_OBJC_MSGSEND = YES;
				ENABLE_TESTABILITY = YES;
				GCC_C_LANGUAGE_STANDARD = gnu11;
				GCC_DYNAMIC_NO_PIC = NO;
				GCC_NO_COMMON_BLOCKS = YES;
				GCC_OPTIMIZATION_LEVEL = 0;
				GCC_PREPROCESSOR_DEFINITIONS = (
					"DEBUG=1",
					"$(inherited)",
				);
				GCC_WARN_64_TO_32_BIT_CONVERSION = YES;
				GCC_WARN_ABOUT_RETURN_TYPE = YES_ERROR;
				GCC_WARN_UNDECLARED_SELECTOR = YES;
				GCC_WARN_UNINITIALIZED_AUTOS = YES_AGGRESSIVE;
				GCC_WARN_UNUSED_FUNCTION = YES;
				GCC_WARN_UNUSED_VARIABLE = YES;
				IPHONEOS_DEPLOYMENT_TARGET = 16.2;
				MTL_ENABLE_DEBUG_INFO = INCLUDE_SOURCE;
				MTL_FAST_MATH = YES;
				ONLY_ACTIVE_ARCH = YES;
				SDKROOT = iphoneos;
				SWIFT_ACTIVE_COMPILATION_CONDITIONS = DEBUG;
				SWIFT_OPTIMIZATION_LEVEL = "-Onone";
			};
			name = Debug;
		};
		AC03E3342B2E143C00BF363F /* Release */ = {
			isa = XCBuildConfiguration;
			buildSettings = {
				ALWAYS_SEARCH_USER_PATHS = NO;
				CLANG_ANALYZER_NONNULL = YES;
				CLANG_ANALYZER_NUMBER_OBJECT_CONVERSION = YES_AGGRESSIVE;
				CLANG_CXX_LANGUAGE_STANDARD = "gnu++20";
				CLANG_ENABLE_MODULES = YES;
				CLANG_ENABLE_OBJC_ARC = YES;
				CLANG_ENABLE_OBJC_WEAK = YES;
				CLANG_WARN_BLOCK_CAPTURE_AUTORELEASING = YES;
				CLANG_WARN_BOOL_CONVERSION = YES;
				CLANG_WARN_COMMA = YES;
				CLANG_WARN_CONSTANT_CONVERSION = YES;
				CLANG_WARN_DEPRECATED_OBJC_IMPLEMENTATIONS = YES;
				CLANG_WARN_DIRECT_OBJC_ISA_USAGE = YES_ERROR;
				CLANG_WARN_DOCUMENTATION_COMMENTS = YES;
				CLANG_WARN_EMPTY_BODY = YES;
				CLANG_WARN_ENUM_CONVERSION = YES;
				CLANG_WARN_INFINITE_RECURSION = YES;
				CLANG_WARN_INT_CONVERSION = YES;
				CLANG_WARN_NON_LITERAL_NULL_CONVERSION = YES;
				CLANG_WARN_OBJC_IMPLICIT_RETAIN_SELF = YES;
				CLANG_WARN_OBJC_LITERAL_CONVERSION = YES;
				CLANG_WARN_OBJC_ROOT_CLASS = YES_ERROR;
				CLANG_WARN_QUOTED_INCLUDE_IN_FRAMEWORK_HEADER = YES;
				CLANG_WARN_RANGE_LOOP_ANALYSIS = YES;
				CLANG_WARN_STRICT_PROTOTYPES = YES;
				CLANG_WARN_SUSPICIOUS_MOVE = YES;
				CLANG_WARN_UNGUARDED_AVAILABILITY = YES_AGGRESSIVE;
				CLANG_WARN_UNREACHABLE_CODE = YES;
				CLANG_WARN__DUPLICATE_METHOD_MATCH = YES;
				COPY_PHASE_STRIP = NO;
				DEBUG_INFORMATION_FORMAT = "dwarf-with-dsym";
				ENABLE_NS_ASSERTIONS = NO;
				ENABLE_STRICT_OBJC_MSGSEND = YES;
				GCC_C_LANGUAGE_STANDARD = gnu11;
				GCC_NO_COMMON_BLOCKS = YES;
				GCC_WARN_64_TO_32_BIT_CONVERSION = YES;
				GCC_WARN_ABOUT_RETURN_TYPE = YES_ERROR;
				GCC_WARN_UNDECLARED_SELECTOR = YES;
				GCC_WARN_UNINITIALIZED_AUTOS = YES_AGGRESSIVE;
				GCC_WARN_UNUSED_FUNCTION = YES;
				GCC_WARN_UNUSED_VARIABLE = YES;
				IPHONEOS_DEPLOYMENT_TARGET = 16.2;
				MTL_ENABLE_DEBUG_INFO = NO;
				MTL_FAST_MATH = YES;
				SDKROOT = iphoneos;
				SWIFT_COMPILATION_MODE = wholemodule;
				SWIFT_OPTIMIZATION_LEVEL = "-O";
				VALIDATE_PRODUCT = YES;
			};
			name = Release;
		};
		AC03E3362B2E143C00BF363F /* Debug */ = {
			isa = XCBuildConfiguration;
			buildSettings = {
				ASSETCATALOG_COMPILER_APPICON_NAME = AppIcon;
				ASSETCATALOG_COMPILER_GLOBAL_ACCENT_COLOR_NAME = AccentColor;
				CODE_SIGN_STYLE = Automatic;
				CURRENT_PROJECT_VERSION = 1;
				DEVELOPMENT_ASSET_PATHS = "\"SwiftUIApirest/Preview Content\"";
				ENABLE_PREVIEWS = YES;
				GENERATE_INFOPLIST_FILE = YES;
				INFOPLIST_KEY_UIApplicationSceneManifest_Generation = YES;
				INFOPLIST_KEY_UIApplicationSupportsIndirectInputEvents = YES;
				INFOPLIST_KEY_UILaunchScreen_Generation = YES;
				INFOPLIST_KEY_UISupportedInterfaceOrientations_iPad = "UIInterfaceOrientationPortrait UIInterfaceOrientationPortraitUpsideDown UIInterfaceOrientationLandscapeLeft UIInterfaceOrientationLandscapeRight";
				INFOPLIST_KEY_UISupportedInterfaceOrientations_iPhone = "UIInterfaceOrientationPortrait UIInterfaceOrientationLandscapeLeft UIInterfaceOrientationLandscapeRight";
				LD_RUNPATH_SEARCH_PATHS = (
					"$(inherited)",
					"@executable_path/Frameworks",
				);
				MARKETING_VERSION = 1.0;
				PRODUCT_BUNDLE_IDENTIFIER = com.puce.SwiftUIApirest;
				PRODUCT_NAME = "$(TARGET_NAME)";
				SWIFT_EMIT_LOC_STRINGS = YES;
				SWIFT_VERSION = 5.0;
				TARGETED_DEVICE_FAMILY = "1,2";
			};
			name = Debug;
		};
		AC03E3372B2E143C00BF363F /* Release */ = {
			isa = XCBuildConfiguration;
			buildSettings = {
				ASSETCATALOG_COMPILER_APPICON_NAME = AppIcon;
				ASSETCATALOG_COMPILER_GLOBAL_ACCENT_COLOR_NAME = AccentColor;
				CODE_SIGN_STYLE = Automatic;
				CURRENT_PROJECT_VERSION = 1;
				DEVELOPMENT_ASSET_PATHS = "\"SwiftUIApirest/Preview Content\"";
				ENABLE_PREVIEWS = YES;
				GENERATE_INFOPLIST_FILE = YES;
				INFOPLIST_KEY_UIApplicationSceneManifest_Generation = YES;
				INFOPLIST_KEY_UIApplicationSupportsIndirectInputEvents = YES;
				INFOPLIST_KEY_UILaunchScreen_Generation = YES;
				INFOPLIST_KEY_UISupportedInterfaceOrientations_iPad = "UIInterfaceOrientationPortrait UIInterfaceOrientationPortraitUpsideDown UIInterfaceOrientationLandscapeLeft UIInterfaceOrientationLandscapeRight";
				INFOPLIST_KEY_UISupportedInterfaceOrientations_iPhone = "UIInterfaceOrientationPortrait UIInterfaceOrientationLandscapeLeft UIInterfaceOrientationLandscapeRight";
				LD_RUNPATH_SEARCH_PATHS = (
					"$(inherited)",
					"@executable_path/Frameworks",
				);
				MARKETING_VERSION = 1.0;
				PRODUCT_BUNDLE_IDENTIFIER = com.puce.SwiftUIApirest;
				PRODUCT_NAME = "$(TARGET_NAME)";
				SWIFT_EMIT_LOC_STRINGS = YES;
				SWIFT_VERSION = 5.0;
				TARGETED_DEVICE_FAMILY = "1,2";
			};
			name = Release;
		};
		AC03E3392B2E143C00BF363F /* Debug */ = {
			isa = XCBuildConfiguration;
			buildSettings = {
				ALWAYS_EMBED_SWIFT_STANDARD_LIBRARIES = YES;
				BUNDLE_LOADER = "$(TEST_HOST)";
				CODE_SIGN_STYLE = Automatic;
				CURRENT_PROJECT_VERSION = 1;
				GENERATE_INFOPLIST_FILE = YES;
				IPHONEOS_DEPLOYMENT_TARGET = 16.2;
				MARKETING_VERSION = 1.0;
				PRODUCT_BUNDLE_IDENTIFIER = com.puce.SwiftUIApirestTests;
				PRODUCT_NAME = "$(TARGET_NAME)";
				SWIFT_EMIT_LOC_STRINGS = NO;
				SWIFT_VERSION = 5.0;
				TARGETED_DEVICE_FAMILY = "1,2";
				TEST_HOST = "$(BUILT_PRODUCTS_DIR)/SwiftUIApirest.app/$(BUNDLE_EXECUTABLE_FOLDER_PATH)/SwiftUIApirest";
			};
			name = Debug;
		};
		AC03E33A2B2E143C00BF363F /* Release */ = {
			isa = XCBuildConfiguration;
			buildSettings = {
				ALWAYS_EMBED_SWIFT_STANDARD_LIBRARIES = YES;
				BUNDLE_LOADER = "$(TEST_HOST)";
				CODE_SIGN_STYLE = Automatic;
				CURRENT_PROJECT_VERSION = 1;
				GENERATE_INFOPLIST_FILE = YES;
				IPHONEOS_DEPLOYMENT_TARGET = 16.2;
				MARKETING_VERSION = 1.0;
				PRODUCT_BUNDLE_IDENTIFIER = com.puce.SwiftUIApirestTests;
				PRODUCT_NAME = "$(TARGET_NAME)";
				SWIFT_EMIT_LOC_STRINGS = NO;
				SWIFT_VERSION = 5.0;
				TARGETED_DEVICE_FAMILY = "1,2";
				TEST_HOST = "$(BUILT_PRODUCTS_DIR)/SwiftUIApirest.app/$(BUNDLE_EXECUTABLE_FOLDER_PATH)/SwiftUIApirest";
			};
			name = Release;
		};
		AC03E33C2B2E143C00BF363F /* Debug */ = {
			isa = XCBuildConfiguration;
			buildSettings = {
				ALWAYS_EMBED_SWIFT_STANDARD_LIBRARIES = YES;
				CODE_SIGN_STYLE = Automatic;
				CURRENT_PROJECT_VERSION = 1;
				GENERATE_INFOPLIST_FILE = YES;
				MARKETING_VERSION = 1.0;
				PRODUCT_BUNDLE_IDENTIFIER = com.puce.SwiftUIApirestUITests;
				PRODUCT_NAME = "$(TARGET_NAME)";
				SWIFT_EMIT_LOC_STRINGS = NO;
				SWIFT_VERSION = 5.0;
				TARGETED_DEVICE_FAMILY = "1,2";
				TEST_TARGET_NAME = SwiftUIApirest;
			};
			name = Debug;
		};
		AC03E33D2B2E143C00BF363F /* Release */ = {
			isa = XCBuildConfiguration;
			buildSettings = {
				ALWAYS_EMBED_SWIFT_STANDARD_LIBRARIES = YES;
				CODE_SIGN_STYLE = Automatic;
				CURRENT_PROJECT_VERSION = 1;
				GENERATE_INFOPLIST_FILE = YES;
				MARKETING_VERSION = 1.0;
				PRODUCT_BUNDLE_IDENTIFIER = com.puce.SwiftUIApirestUITests;
				PRODUCT_NAME = "$(TARGET_NAME)";
				SWIFT_EMIT_LOC_STRINGS = NO;
				SWIFT_VERSION = 5.0;
				TARGETED_DEVICE_FAMILY = "1,2";
				TEST_TARGET_NAME = SwiftUIApirest;
			};
			name = Release;
		};
/* End XCBuildConfiguration section */

/* Begin XCConfigurationList section */
		AC03E30C2B2E143B00BF363F /* Build configuration list for PBXProject "SwiftUIApirest" */ = {
			isa = XCConfigurationList;
			buildConfigurations = (
				AC03E3332B2E143C00BF363F /* Debug */,
				AC03E3342B2E143C00BF363F /* Release */,
			);
			defaultConfigurationIsVisible = 0;
			defaultConfigurationName = Release;
		};
		AC03E3352B2E143C00BF363F /* Build configuration list for PBXNativeTarget "SwiftUIApirest" */ = {
			isa = XCConfigurationList;
			buildConfigurations = (
				AC03E3362B2E143C00BF363F /* Debug */,
				AC03E3372B2E143C00BF363F /* Release */,
			);
			defaultConfigurationIsVisible = 0;
			defaultConfigurationName = Release;
		};
		AC03E3382B2E143C00BF363F /* Build configuration list for PBXNativeTarget "SwiftUIApirestTests" */ = {
			isa = XCConfigurationList;
			buildConfigurations = (
				AC03E3392B2E143C00BF363F /* Debug */,
				AC03E33A2B2E143C00BF363F /* Release */,
			);
			defaultConfigurationIsVisible = 0;
			defaultConfigurationName = Release;
		};
		AC03E33B2B2E143C00BF363F /* Build configuration list for PBXNativeTarget "SwiftUIApirestUITests" */ = {
			isa = XCConfigurationList;
			buildConfigurations = (
				AC03E33C2B2E143C00BF363F /* Debug */,
				AC03E33D2B2E143C00BF363F /* Release */,
			);
			defaultConfigurationIsVisible = 0;
			defaultConfigurationName = Release;
		};
/* End XCConfigurationList section */
	};
	rootObject = AC03E3092B2E143B00BF363F /* Project object */;
}
