// !$*UTF8*$!
{
	archiveVersion = 1;
	classes = {
	};
	objectVersion = 56;
	objects = {

/* Begin PBXBuildFile section */
		AC41499B2B2A8CF60016D510 /* SecondPracticeSwiftUIApp.swift in Sources */ = {isa = PBXBuildFile; fileRef = AC41499A2B2A8CF60016D510 /* SecondPracticeSwiftUIApp.swift */; };
		AC41499D2B2A8CF60016D510 /* ContentView.swift in Sources */ = {isa = PBXBuildFile; fileRef = AC41499C2B2A8CF60016D510 /* ContentView.swift */; };
		AC41499F2B2A8CF70016D510 /* Assets.xcassets in Resources */ = {isa = PBXBuildFile; fileRef = AC41499E2B2A8CF70016D510 /* Assets.xcassets */; };
		AC4149A22B2A8CF70016D510 /* Preview Assets.xcassets in Resources */ = {isa = PBXBuildFile; fileRef = AC4149A12B2A8CF70016D510 /* Preview Assets.xcassets */; };
		AC4149AC2B2A8CF70016D510 /* SecondPracticeSwiftUITests.swift in Sources */ = {isa = PBXBuildFile; fileRef = AC4149AB2B2A8CF70016D510 /* SecondPracticeSwiftUITests.swift */; };
		AC4149B62B2A8CF70016D510 /* SecondPracticeSwiftUIUITests.swift in Sources */ = {isa = PBXBuildFile; fileRef = AC4149B52B2A8CF70016D510 /* SecondPracticeSwiftUIUITests.swift */; };
		AC4149B82B2A8CF70016D510 /* SecondPracticeSwiftUIUITestsLaunchTests.swift in Sources */ = {isa = PBXBuildFile; fileRef = AC4149B72B2A8CF70016D510 /* SecondPracticeSwiftUIUITestsLaunchTests.swift */; };
		AC4149C52B2A8D590016D510 /* NoteModel.swift in Sources */ = {isa = PBXBuildFile; fileRef = AC4149C42B2A8D590016D510 /* NoteModel.swift */; };
		AC4149C82B2A8F020016D510 /* NotesViewModel.swift in Sources */ = {isa = PBXBuildFile; fileRef = AC4149C72B2A8F020016D510 /* NotesViewModel.swift */; };
/* End PBXBuildFile section */

/* Begin PBXContainerItemProxy section */
		AC4149A82B2A8CF70016D510 /* PBXContainerItemProxy */ = {
			isa = PBXContainerItemProxy;
			containerPortal = AC41498F2B2A8CF60016D510 /* Project object */;
			proxyType = 1;
			remoteGlobalIDString = AC4149962B2A8CF60016D510;
			remoteInfo = SecondPracticeSwiftUI;
		};
		AC4149B22B2A8CF70016D510 /* PBXContainerItemProxy */ = {
			isa = PBXContainerItemProxy;
			containerPortal = AC41498F2B2A8CF60016D510 /* Project object */;
			proxyType = 1;
			remoteGlobalIDString = AC4149962B2A8CF60016D510;
			remoteInfo = SecondPracticeSwiftUI;
		};
/* End PBXContainerItemProxy section */

/* Begin PBXFileReference section */
		AC4149972B2A8CF60016D510 /* SecondPracticeSwiftUI.app */ = {isa = PBXFileReference; explicitFileType = wrapper.application; includeInIndex = 0; path = SecondPracticeSwiftUI.app; sourceTree = BUILT_PRODUCTS_DIR; };
		AC41499A2B2A8CF60016D510 /* SecondPracticeSwiftUIApp.swift */ = {isa = PBXFileReference; lastKnownFileType = sourcecode.swift; path = SecondPracticeSwiftUIApp.swift; sourceTree = "<group>"; };
		AC41499C2B2A8CF60016D510 /* ContentView.swift */ = {isa = PBXFileReference; lastKnownFileType = sourcecode.swift; path = ContentView.swift; sourceTree = "<group>"; };
		AC41499E2B2A8CF70016D510 /* Assets.xcassets */ = {isa = PBXFileReference; lastKnownFileType = folder.assetcatalog; path = Assets.xcassets; sourceTree = "<group>"; };
		AC4149A12B2A8CF70016D510 /* Preview Assets.xcassets */ = {isa = PBXFileReference; lastKnownFileType = folder.assetcatalog; path = "Preview Assets.xcassets"; sourceTree = "<group>"; };
		AC4149A72B2A8CF70016D510 /* SecondPracticeSwiftUITests.xctest */ = {isa = PBXFileReference; explicitFileType = wrapper.cfbundle; includeInIndex = 0; path = SecondPracticeSwiftUITests.xctest; sourceTree = BUILT_PRODUCTS_DIR; };
		AC4149AB2B2A8CF70016D510 /* SecondPracticeSwiftUITests.swift */ = {isa = PBXFileReference; lastKnownFileType = sourcecode.swift; path = SecondPracticeSwiftUITests.swift; sourceTree = "<group>"; };
		AC4149B12B2A8CF70016D510 /* SecondPracticeSwiftUIUITests.xctest */ = {isa = PBXFileReference; explicitFileType = wrapper.cfbundle; includeInIndex = 0; path = SecondPracticeSwiftUIUITests.xctest; sourceTree = BUILT_PRODUCTS_DIR; };
		AC4149B52B2A8CF70016D510 /* SecondPracticeSwiftUIUITests.swift */ = {isa = PBXFileReference; lastKnownFileType = sourcecode.swift; path = SecondPracticeSwiftUIUITests.swift; sourceTree = "<group>"; };
		AC4149B72B2A8CF70016D510 /* SecondPracticeSwiftUIUITestsLaunchTests.swift */ = {isa = PBXFileReference; lastKnownFileType = sourcecode.swift; path = SecondPracticeSwiftUIUITestsLaunchTests.swift; sourceTree = "<group>"; };
		AC4149C42B2A8D590016D510 /* NoteModel.swift */ = {isa = PBXFileReference; lastKnownFileType = sourcecode.swift; path = NoteModel.swift; sourceTree = "<group>"; };
		AC4149C72B2A8F020016D510 /* NotesViewModel.swift */ = {isa = PBXFileReference; lastKnownFileType = sourcecode.swift; path = NotesViewModel.swift; sourceTree = "<group>"; };
/* End PBXFileReference section */

/* Begin PBXFrameworksBuildPhase section */
		AC4149942B2A8CF60016D510 /* Frameworks */ = {
			isa = PBXFrameworksBuildPhase;
			buildActionMask = 2147483647;
			files = (
			);
			runOnlyForDeploymentPostprocessing = 0;
		};
		AC4149A42B2A8CF70016D510 /* Frameworks */ = {
			isa = PBXFrameworksBuildPhase;
			buildActionMask = 2147483647;
			files = (
			);
			runOnlyForDeploymentPostprocessing = 0;
		};
		AC4149AE2B2A8CF70016D510 /* Frameworks */ = {
			isa = PBXFrameworksBuildPhase;
			buildActionMask = 2147483647;
			files = (
			);
			runOnlyForDeploymentPostprocessing = 0;
		};
/* End PBXFrameworksBuildPhase section */

/* Begin PBXGroup section */
		AC41498E2B2A8CF60016D510 = {
			isa = PBXGroup;
			children = (
				AC4149992B2A8CF60016D510 /* SecondPracticeSwiftUI */,
				AC4149AA2B2A8CF70016D510 /* SecondPracticeSwiftUITests */,
				AC4149B42B2A8CF70016D510 /* SecondPracticeSwiftUIUITests */,
				AC4149982B2A8CF60016D510 /* Products */,
			);
			sourceTree = "<group>";
		};
		AC4149982B2A8CF60016D510 /* Products */ = {
			isa = PBXGroup;
			children = (
				AC4149972B2A8CF60016D510 /* SecondPracticeSwiftUI.app */,
				AC4149A72B2A8CF70016D510 /* SecondPracticeSwiftUITests.xctest */,
				AC4149B12B2A8CF70016D510 /* SecondPracticeSwiftUIUITests.xctest */,
			);
			name = Products;
			sourceTree = "<group>";
		};
		AC4149992B2A8CF60016D510 /* SecondPracticeSwiftUI */ = {
			isa = PBXGroup;
			children = (
				AC4149C62B2A8D820016D510 /* Model */,
				AC41499A2B2A8CF60016D510 /* SecondPracticeSwiftUIApp.swift */,
				AC41499C2B2A8CF60016D510 /* ContentView.swift */,
				AC41499E2B2A8CF70016D510 /* Assets.xcassets */,
				AC4149A02B2A8CF70016D510 /* Preview Content */,
				AC4149C72B2A8F020016D510 /* NotesViewModel.swift */,
			);
			path = SecondPracticeSwiftUI;
			sourceTree = "<group>";
		};
		AC4149A02B2A8CF70016D510 /* Preview Content */ = {
			isa = PBXGroup;
			children = (
				AC4149A12B2A8CF70016D510 /* Preview Assets.xcassets */,
			);
			path = "Preview Content";
			sourceTree = "<group>";
		};
		AC4149AA2B2A8CF70016D510 /* SecondPracticeSwiftUITests */ = {
			isa = PBXGroup;
			children = (
				AC4149AB2B2A8CF70016D510 /* SecondPracticeSwiftUITests.swift */,
			);
			path = SecondPracticeSwiftUITests;
			sourceTree = "<group>";
		};
		AC4149B42B2A8CF70016D510 /* SecondPracticeSwiftUIUITests */ = {
			isa = PBXGroup;
			children = (
				AC4149B52B2A8CF70016D510 /* SecondPracticeSwiftUIUITests.swift */,
				AC4149B72B2A8CF70016D510 /* SecondPracticeSwiftUIUITestsLaunchTests.swift */,
			);
			path = SecondPracticeSwiftUIUITests;
			sourceTree = "<group>";
		};
		AC4149C62B2A8D820016D510 /* Model */ = {
			isa = PBXGroup;
			children = (
				AC4149C42B2A8D590016D510 /* NoteModel.swift */,
			);
			path = Model;
			sourceTree = "<group>";
		};
/* End PBXGroup section */

/* Begin PBXNativeTarget section */
		AC4149962B2A8CF60016D510 /* SecondPracticeSwiftUI */ = {
			isa = PBXNativeTarget;
			buildConfigurationList = AC4149BB2B2A8CF70016D510 /* Build configuration list for PBXNativeTarget "SecondPracticeSwiftUI" */;
			buildPhases = (
				AC4149932B2A8CF60016D510 /* Sources */,
				AC4149942B2A8CF60016D510 /* Frameworks */,
				AC4149952B2A8CF60016D510 /* Resources */,
			);
			buildRules = (
			);
			dependencies = (
			);
			name = SecondPracticeSwiftUI;
			productName = SecondPracticeSwiftUI;
			productReference = AC4149972B2A8CF60016D510 /* SecondPracticeSwiftUI.app */;
			productType = "com.apple.product-type.application";
		};
		AC4149A62B2A8CF70016D510 /* SecondPracticeSwiftUITests */ = {
			isa = PBXNativeTarget;
			buildConfigurationList = AC4149BE2B2A8CF70016D510 /* Build configuration list for PBXNativeTarget "SecondPracticeSwiftUITests" */;
			buildPhases = (
				AC4149A32B2A8CF70016D510 /* Sources */,
				AC4149A42B2A8CF70016D510 /* Frameworks */,
				AC4149A52B2A8CF70016D510 /* Resources */,
			);
			buildRules = (
			);
			dependencies = (
				AC4149A92B2A8CF70016D510 /* PBXTargetDependency */,
			);
			name = SecondPracticeSwiftUITests;
			productName = SecondPracticeSwiftUITests;
			productReference = AC4149A72B2A8CF70016D510 /* SecondPracticeSwiftUITests.xctest */;
			productType = "com.apple.product-type.bundle.unit-test";
		};
		AC4149B02B2A8CF70016D510 /* SecondPracticeSwiftUIUITests */ = {
			isa = PBXNativeTarget;
			buildConfigurationList = AC4149C12B2A8CF70016D510 /* Build configuration list for PBXNativeTarget "SecondPracticeSwiftUIUITests" */;
			buildPhases = (
				AC4149AD2B2A8CF70016D510 /* Sources */,
				AC4149AE2B2A8CF70016D510 /* Frameworks */,
				AC4149AF2B2A8CF70016D510 /* Resources */,
			);
			buildRules = (
			);
			dependencies = (
				AC4149B32B2A8CF70016D510 /* PBXTargetDependency */,
			);
			name = SecondPracticeSwiftUIUITests;
			productName = SecondPracticeSwiftUIUITests;
			productReference = AC4149B12B2A8CF70016D510 /* SecondPracticeSwiftUIUITests.xctest */;
			productType = "com.apple.product-type.bundle.ui-testing";
		};
/* End PBXNativeTarget section */

/* Begin PBXProject section */
		AC41498F2B2A8CF60016D510 /* Project object */ = {
			isa = PBXProject;
			attributes = {
				BuildIndependentTargetsInParallel = 1;
				LastSwiftUpdateCheck = 1420;
				LastUpgradeCheck = 1420;
				TargetAttributes = {
					AC4149962B2A8CF60016D510 = {
						CreatedOnToolsVersion = 14.2;
					};
					AC4149A62B2A8CF70016D510 = {
						CreatedOnToolsVersion = 14.2;
						TestTargetID = AC4149962B2A8CF60016D510;
					};
					AC4149B02B2A8CF70016D510 = {
						CreatedOnToolsVersion = 14.2;
						TestTargetID = AC4149962B2A8CF60016D510;
					};
				};
			};
			buildConfigurationList = AC4149922B2A8CF60016D510 /* Build configuration list for PBXProject "SecondPracticeSwiftUI" */;
			compatibilityVersion = "Xcode 14.0";
			developmentRegion = en;
			hasScannedForEncodings = 0;
			knownRegions = (
				en,
				Base,
			);
			mainGroup = AC41498E2B2A8CF60016D510;
			productRefGroup = AC4149982B2A8CF60016D510 /* Products */;
			projectDirPath = "";
			projectRoot = "";
			targets = (
				AC4149962B2A8CF60016D510 /* SecondPracticeSwiftUI */,
				AC4149A62B2A8CF70016D510 /* SecondPracticeSwiftUITests */,
				AC4149B02B2A8CF70016D510 /* SecondPracticeSwiftUIUITests */,
			);
		};
/* End PBXProject section */

/* Begin PBXResourcesBuildPhase section */
		AC4149952B2A8CF60016D510 /* Resources */ = {
			isa = PBXResourcesBuildPhase;
			buildActionMask = 2147483647;
			files = (
				AC4149A22B2A8CF70016D510 /* Preview Assets.xcassets in Resources */,
				AC41499F2B2A8CF70016D510 /* Assets.xcassets in Resources */,
			);
			runOnlyForDeploymentPostprocessing = 0;
		};
		AC4149A52B2A8CF70016D510 /* Resources */ = {
			isa = PBXResourcesBuildPhase;
			buildActionMask = 2147483647;
			files = (
			);
			runOnlyForDeploymentPostprocessing = 0;
		};
		AC4149AF2B2A8CF70016D510 /* Resources */ = {
			isa = PBXResourcesBuildPhase;
			buildActionMask = 2147483647;
			files = (
			);
			runOnlyForDeploymentPostprocessing = 0;
		};
/* End PBXResourcesBuildPhase section */

/* Begin PBXSourcesBuildPhase section */
		AC4149932B2A8CF60016D510 /* Sources */ = {
			isa = PBXSourcesBuildPhase;
			buildActionMask = 2147483647;
			files = (
				AC4149C82B2A8F020016D510 /* NotesViewModel.swift in Sources */,
				AC41499D2B2A8CF60016D510 /* ContentView.swift in Sources */,
				AC4149C52B2A8D590016D510 /* NoteModel.swift in Sources */,
				AC41499B2B2A8CF60016D510 /* SecondPracticeSwiftUIApp.swift in Sources */,
			);
			runOnlyForDeploymentPostprocessing = 0;
		};
		AC4149A32B2A8CF70016D510 /* Sources */ = {
			isa = PBXSourcesBuildPhase;
			buildActionMask = 2147483647;
			files = (
				AC4149AC2B2A8CF70016D510 /* SecondPracticeSwiftUITests.swift in Sources */,
			);
			runOnlyForDeploymentPostprocessing = 0;
		};
		AC4149AD2B2A8CF70016D510 /* Sources */ = {
			isa = PBXSourcesBuildPhase;
			buildActionMask = 2147483647;
			files = (
				AC4149B62B2A8CF70016D510 /* SecondPracticeSwiftUIUITests.swift in Sources */,
				AC4149B82B2A8CF70016D510 /* SecondPracticeSwiftUIUITestsLaunchTests.swift in Sources */,
			);
			runOnlyForDeploymentPostprocessing = 0;
		};
/* End PBXSourcesBuildPhase section */

/* Begin PBXTargetDependency section */
		AC4149A92B2A8CF70016D510 /* PBXTargetDependency */ = {
			isa = PBXTargetDependency;
			target = AC4149962B2A8CF60016D510 /* SecondPracticeSwiftUI */;
			targetProxy = AC4149A82B2A8CF70016D510 /* PBXContainerItemProxy */;
		};
		AC4149B32B2A8CF70016D510 /* PBXTargetDependency */ = {
			isa = PBXTargetDependency;
			target = AC4149962B2A8CF60016D510 /* SecondPracticeSwiftUI */;
			targetProxy = AC4149B22B2A8CF70016D510 /* PBXContainerItemProxy */;
		};
/* End PBXTargetDependency section */

/* Begin XCBuildConfiguration section */
		AC4149B92B2A8CF70016D510 /* Debug */ = {
			isa = XCBuildConfiguration;
			buildSettings = {
				ALWAYS_SEARCH_USER_PATHS = NO;
				CLANG_ANALYZER_NONNULL = YES;
				CLANG_ANALYZER_NUMBER_OBJECT_CONVERSION = YES_AGGRESSIVE;
				CLANG_CXX_LANGUAGE_STANDARD = "gnu++20";
				CLANG_ENABLE_MODULES = YES;
				CLANG_ENABLE_OBJC_ARC = YES;
				CLANG_ENABLE_OBJC_WEAK = YES;
				CLANG_WARN_BLOCK_CAPTURE_AUTORELEASING = YES;
				CLANG_WARN_BOOL_CONVERSION = YES;
				CLANG_WARN_COMMA = YES;
				CLANG_WARN_CONSTANT_CONVERSION = YES;
				CLANG_WARN_DEPRECATED_OBJC_IMPLEMENTATIONS = YES;
				CLANG_WARN_DIRECT_OBJC_ISA_USAGE = YES_ERROR;
				CLANG_WARN_DOCUMENTATION_COMMENTS = YES;
				CLANG_WARN_EMPTY_BODY = YES;
				CLANG_WARN_ENUM_CONVERSION = YES;
				CLANG_WARN_INFINITE_RECURSION = YES;
				CLANG_WARN_INT_CONVERSION = YES;
				CLANG_WARN_NON_LITERAL_NULL_CONVERSION = YES;
				CLANG_WARN_OBJC_IMPLICIT_RETAIN_SELF = YES;
				CLANG_WARN_OBJC_LITERAL_CONVERSION = YES;
				CLANG_WARN_OBJC_ROOT_CLASS = YES_ERROR;
				CLANG_WARN_QUOTED_INCLUDE_IN_FRAMEWORK_HEADER = YES;
				CLANG_WARN_RANGE_LOOP_ANALYSIS = YES;
				CLANG_WARN_STRICT_PROTOTYPES = YES;
				CLANG_WARN_SUSPICIOUS_MOVE = YES;
				CLANG_WARN_UNGUARDED_AVAILABILITY = YES_AGGRESSIVE;
				CLANG_WARN_UNREACHABLE_CODE = YES;
				CLANG_WARN__DUPLICATE_METHOD_MATCH = YES;
				COPY_PHASE_STRIP = NO;
				DEBUG_INFORMATION_FORMAT = dwarf;
				ENABLE_STRICT_OBJC_MSGSEND = YES;
				ENABLE_TESTABILITY = YES;
				GCC_C_LANGUAGE_STANDARD = gnu11;
				GCC_DYNAMIC_NO_PIC = NO;
				GCC_NO_COMMON_BLOCKS = YES;
				GCC_OPTIMIZATION_LEVEL = 0;
				GCC_PREPROCESSOR_DEFINITIONS = (
					"DEBUG=1",
					"$(inherited)",
				);
				GCC_WARN_64_TO_32_BIT_CONVERSION = YES;
				GCC_WARN_ABOUT_RETURN_TYPE = YES_ERROR;
				GCC_WARN_UNDECLARED_SELECTOR = YES;
				GCC_WARN_UNINITIALIZED_AUTOS = YES_AGGRESSIVE;
				GCC_WARN_UNUSED_FUNCTION = YES;
				GCC_WARN_UNUSED_VARIABLE = YES;
				IPHONEOS_DEPLOYMENT_TARGET = 16.2;
				MTL_ENABLE_DEBUG_INFO = INCLUDE_SOURCE;
				MTL_FAST_MATH = YES;
				ONLY_ACTIVE_ARCH = YES;
				SDKROOT = iphoneos;
				SWIFT_ACTIVE_COMPILATION_CONDITIONS = DEBUG;
				SWIFT_OPTIMIZATION_LEVEL = "-Onone";
			};
			name = Debug;
		};
		AC4149BA2B2A8CF70016D510 /* Release */ = {
			isa = XCBuildConfiguration;
			buildSettings = {
				ALWAYS_SEARCH_USER_PATHS = NO;
				CLANG_ANALYZER_NONNULL = YES;
				CLANG_ANALYZER_NUMBER_OBJECT_CONVERSION = YES_AGGRESSIVE;
				CLANG_CXX_LANGUAGE_STANDARD = "gnu++20";
				CLANG_ENABLE_MODULES = YES;
				CLANG_ENABLE_OBJC_ARC = YES;
				CLANG_ENABLE_OBJC_WEAK = YES;
				CLANG_WARN_BLOCK_CAPTURE_AUTORELEASING = YES;
				CLANG_WARN_BOOL_CONVERSION = YES;
				CLANG_WARN_COMMA = YES;
				CLANG_WARN_CONSTANT_CONVERSION = YES;
				CLANG_WARN_DEPRECATED_OBJC_IMPLEMENTATIONS = YES;
				CLANG_WARN_DIRECT_OBJC_ISA_USAGE = YES_ERROR;
				CLANG_WARN_DOCUMENTATION_COMMENTS = YES;
				CLANG_WARN_EMPTY_BODY = YES;
				CLANG_WARN_ENUM_CONVERSION = YES;
				CLANG_WARN_INFINITE_RECURSION = YES;
				CLANG_WARN_INT_CONVERSION = YES;
				CLANG_WARN_NON_LITERAL_NULL_CONVERSION = YES;
				CLANG_WARN_OBJC_IMPLICIT_RETAIN_SELF = YES;
				CLANG_WARN_OBJC_LITERAL_CONVERSION = YES;
				CLANG_WARN_OBJC_ROOT_CLASS = YES_ERROR;
				CLANG_WARN_QUOTED_INCLUDE_IN_FRAMEWORK_HEADER = YES;
				CLANG_WARN_RANGE_LOOP_ANALYSIS = YES;
				CLANG_WARN_STRICT_PROTOTYPES = YES;
				CLANG_WARN_SUSPICIOUS_MOVE = YES;
				CLANG_WARN_UNGUARDED_AVAILABILITY = YES_AGGRESSIVE;
				CLANG_WARN_UNREACHABLE_CODE = YES;
				CLANG_WARN__DUPLICATE_METHOD_MATCH = YES;
				COPY_PHASE_STRIP = NO;
				DEBUG_INFORMATION_FORMAT = "dwarf-with-dsym";
				ENABLE_NS_ASSERTIONS = NO;
				ENABLE_STRICT_OBJC_MSGSEND = YES;
				GCC_C_LANGUAGE_STANDARD = gnu11;
				GCC_NO_COMMON_BLOCKS = YES;
				GCC_WARN_64_TO_32_BIT_CONVERSION = YES;
				GCC_WARN_ABOUT_RETURN_TYPE = YES_ERROR;
				GCC_WARN_UNDECLARED_SELECTOR = YES;
				GCC_WARN_UNINITIALIZED_AUTOS = YES_AGGRESSIVE;
				GCC_WARN_UNUSED_FUNCTION = YES;
				GCC_WARN_UNUSED_VARIABLE = YES;
				IPHONEOS_DEPLOYMENT_TARGET = 16.2;
				MTL_ENABLE_DEBUG_INFO = NO;
				MTL_FAST_MATH = YES;
				SDKROOT = iphoneos;
				SWIFT_COMPILATION_MODE = wholemodule;
				SWIFT_OPTIMIZATION_LEVEL = "-O";
				VALIDATE_PRODUCT = YES;
			};
			name = Release;
		};
		AC4149BC2B2A8CF70016D510 /* Debug */ = {
			isa = XCBuildConfiguration;
			buildSettings = {
				ASSETCATALOG_COMPILER_APPICON_NAME = AppIcon;
				ASSETCATALOG_COMPILER_GLOBAL_ACCENT_COLOR_NAME = AccentColor;
				CODE_SIGN_STYLE = Automatic;
				CURRENT_PROJECT_VERSION = 1;
				DEVELOPMENT_ASSET_PATHS = "\"SecondPracticeSwiftUI/Preview Content\"";
				DEVELOPMENT_TEAM = 2JZ7C3HHB9;
				ENABLE_PREVIEWS = YES;
				GENERATE_INFOPLIST_FILE = YES;
				INFOPLIST_KEY_UIApplicationSceneManifest_Generation = YES;
				INFOPLIST_KEY_UIApplicationSupportsIndirectInputEvents = YES;
				INFOPLIST_KEY_UILaunchScreen_Generation = YES;
				INFOPLIST_KEY_UISupportedInterfaceOrientations_iPad = "UIInterfaceOrientationPortrait UIInterfaceOrientationPortraitUpsideDown UIInterfaceOrientationLandscapeLeft UIInterfaceOrientationLandscapeRight";
				INFOPLIST_KEY_UISupportedInterfaceOrientations_iPhone = "UIInterfaceOrientationPortrait UIInterfaceOrientationLandscapeLeft UIInterfaceOrientationLandscapeRight";
				LD_RUNPATH_SEARCH_PATHS = (
					"$(inherited)",
					"@executable_path/Frameworks",
				);
				MARKETING_VERSION = 1.0;
				PRODUCT_BUNDLE_IDENTIFIER = com.puce.SecondPracticeSwiftUI;
				PRODUCT_NAME = "$(TARGET_NAME)";
				SWIFT_EMIT_LOC_STRINGS = YES;
				SWIFT_VERSION = 5.0;
				TARGETED_DEVICE_FAMILY = "1,2";
			};
			name = Debug;
		};
		AC4149BD2B2A8CF70016D510 /* Release */ = {
			isa = XCBuildConfiguration;
			buildSettings = {
				ASSETCATALOG_COMPILER_APPICON_NAME = AppIcon;
				ASSETCATALOG_COMPILER_GLOBAL_ACCENT_COLOR_NAME = AccentColor;
				CODE_SIGN_STYLE = Automatic;
				CURRENT_PROJECT_VERSION = 1;
				DEVELOPMENT_ASSET_PATHS = "\"SecondPracticeSwiftUI/Preview Content\"";
				DEVELOPMENT_TEAM = 2JZ7C3HHB9;
				ENABLE_PREVIEWS = YES;
				GENERATE_INFOPLIST_FILE = YES;
				INFOPLIST_KEY_UIApplicationSceneManifest_Generation = YES;
				INFOPLIST_KEY_UIApplicationSupportsIndirectInputEvents = YES;
				INFOPLIST_KEY_UILaunchScreen_Generation = YES;
				INFOPLIST_KEY_UISupportedInterfaceOrientations_iPad = "UIInterfaceOrientationPortrait UIInterfaceOrientationPortraitUpsideDown UIInterfaceOrientationLandscapeLeft UIInterfaceOrientationLandscapeRight";
				INFOPLIST_KEY_UISupportedInterfaceOrientations_iPhone = "UIInterfaceOrientationPortrait UIInterfaceOrientationLandscapeLeft UIInterfaceOrientationLandscapeRight";
				LD_RUNPATH_SEARCH_PATHS = (
					"$(inherited)",
					"@executable_path/Frameworks",
				);
				MARKETING_VERSION = 1.0;
				PRODUCT_BUNDLE_IDENTIFIER = com.puce.SecondPracticeSwiftUI;
				PRODUCT_NAME = "$(TARGET_NAME)";
				SWIFT_EMIT_LOC_STRINGS = YES;
				SWIFT_VERSION = 5.0;
				TARGETED_DEVICE_FAMILY = "1,2";
			};
			name = Release;
		};
		AC4149BF2B2A8CF70016D510 /* Debug */ = {
			isa = XCBuildConfiguration;
			buildSettings = {
				ALWAYS_EMBED_SWIFT_STANDARD_LIBRARIES = YES;
				BUNDLE_LOADER = "$(TEST_HOST)";
				CODE_SIGN_STYLE = Automatic;
				CURRENT_PROJECT_VERSION = 1;
				DEVELOPMENT_TEAM = 2JZ7C3HHB9;
				GENERATE_INFOPLIST_FILE = YES;
				IPHONEOS_DEPLOYMENT_TARGET = 16.2;
				MARKETING_VERSION = 1.0;
				PRODUCT_BUNDLE_IDENTIFIER = com.puce.SecondPracticeSwiftUITests;
				PRODUCT_NAME = "$(TARGET_NAME)";
				SWIFT_EMIT_LOC_STRINGS = NO;
				SWIFT_VERSION = 5.0;
				TARGETED_DEVICE_FAMILY = "1,2";
				TEST_HOST = "$(BUILT_PRODUCTS_DIR)/SecondPracticeSwiftUI.app/$(BUNDLE_EXECUTABLE_FOLDER_PATH)/SecondPracticeSwiftUI";
			};
			name = Debug;
		};
		AC4149C02B2A8CF70016D510 /* Release */ = {
			isa = XCBuildConfiguration;
			buildSettings = {
				ALWAYS_EMBED_SWIFT_STANDARD_LIBRARIES = YES;
				BUNDLE_LOADER = "$(TEST_HOST)";
				CODE_SIGN_STYLE = Automatic;
				CURRENT_PROJECT_VERSION = 1;
				DEVELOPMENT_TEAM = 2JZ7C3HHB9;
				GENERATE_INFOPLIST_FILE = YES;
				IPHONEOS_DEPLOYMENT_TARGET = 16.2;
				MARKETING_VERSION = 1.0;
				PRODUCT_BUNDLE_IDENTIFIER = com.puce.SecondPracticeSwiftUITests;
				PRODUCT_NAME = "$(TARGET_NAME)";
				SWIFT_EMIT_LOC_STRINGS = NO;
				SWIFT_VERSION = 5.0;
				TARGETED_DEVICE_FAMILY = "1,2";
				TEST_HOST = "$(BUILT_PRODUCTS_DIR)/SecondPracticeSwiftUI.app/$(BUNDLE_EXECUTABLE_FOLDER_PATH)/SecondPracticeSwiftUI";
			};
			name = Release;
		};
		AC4149C22B2A8CF70016D510 /* Debug */ = {
			isa = XCBuildConfiguration;
			buildSettings = {
				ALWAYS_EMBED_SWIFT_STANDARD_LIBRARIES = YES;
				CODE_SIGN_STYLE = Automatic;
				CURRENT_PROJECT_VERSION = 1;
				DEVELOPMENT_TEAM = 2JZ7C3HHB9;
				GENERATE_INFOPLIST_FILE = YES;
				MARKETING_VERSION = 1.0;
				PRODUCT_BUNDLE_IDENTIFIER = com.puce.SecondPracticeSwiftUIUITests;
				PRODUCT_NAME = "$(TARGET_NAME)";
				SWIFT_EMIT_LOC_STRINGS = NO;
				SWIFT_VERSION = 5.0;
				TARGETED_DEVICE_FAMILY = "1,2";
				TEST_TARGET_NAME = SecondPracticeSwiftUI;
			};
			name = Debug;
		};
		AC4149C32B2A8CF70016D510 /* Release */ = {
			isa = XCBuildConfiguration;
			buildSettings = {
				ALWAYS_EMBED_SWIFT_STANDARD_LIBRARIES = YES;
				CODE_SIGN_STYLE = Automatic;
				CURRENT_PROJECT_VERSION = 1;
				DEVELOPMENT_TEAM = 2JZ7C3HHB9;
				GENERATE_INFOPLIST_FILE = YES;
				MARKETING_VERSION = 1.0;
				PRODUCT_BUNDLE_IDENTIFIER = com.puce.SecondPracticeSwiftUIUITests;
				PRODUCT_NAME = "$(TARGET_NAME)";
				SWIFT_EMIT_LOC_STRINGS = NO;
				SWIFT_VERSION = 5.0;
				TARGETED_DEVICE_FAMILY = "1,2";
				TEST_TARGET_NAME = SecondPracticeSwiftUI;
			};
			name = Release;
		};
/* End XCBuildConfiguration section */

/* Begin XCConfigurationList section */
		AC4149922B2A8CF60016D510 /* Build configuration list for PBXProject "SecondPracticeSwiftUI" */ = {
			isa = XCConfigurationList;
			buildConfigurations = (
				AC4149B92B2A8CF70016D510 /* Debug */,
				AC4149BA2B2A8CF70016D510 /* Release */,
			);
			defaultConfigurationIsVisible = 0;
			defaultConfigurationName = Release;
		};
		AC4149BB2B2A8CF70016D510 /* Build configuration list for PBXNativeTarget "SecondPracticeSwiftUI" */ = {
			isa = XCConfigurationList;
			buildConfigurations = (
				AC4149BC2B2A8CF70016D510 /* Debug */,
				AC4149BD2B2A8CF70016D510 /* Release */,
			);
			defaultConfigurationIsVisible = 0;
			defaultConfigurationName = Release;
		};
		AC4149BE2B2A8CF70016D510 /* Build configuration list for PBXNativeTarget "SecondPracticeSwiftUITests" */ = {
			isa = XCConfigurationList;
			buildConfigurations = (
				AC4149BF2B2A8CF70016D510 /* Debug */,
				AC4149C02B2A8CF70016D510 /* Release */,
			);
			defaultConfigurationIsVisible = 0;
			defaultConfigurationName = Release;
		};
		AC4149C12B2A8CF70016D510 /* Build configuration list for PBXNativeTarget "SecondPracticeSwiftUIUITests" */ = {
			isa = XCConfigurationList;
			buildConfigurations = (
				AC4149C22B2A8CF70016D510 /* Debug */,
				AC4149C32B2A8CF70016D510 /* Release */,
			);
			defaultConfigurationIsVisible = 0;
			defaultConfigurationName = Release;
		};
/* End XCConfigurationList section */
	};
	rootObject = AC41498F2B2A8CF60016D510 /* Project object */;
}
